
Microsoft Visual Studio Solution File, Format Version 12.00
# Visual Studio Version 17
VisualStudioVersion = 17.4.33103.184
MinimumVisualStudioVersion = 10.0.40219.1
Project("{FAE04EC0-301F-11D3-BF4B-00C04F79EFBC}") = "ApiMongo", "ApiMongo.csproj", "{2CAB9118-5A19-4AB7-B0BF-BABDB100F671}"
EndProject
Global
	GlobalSection(SolutionConfigurationPlatforms) = preSolution
		Debug|Any CPU = Debug|Any CPU
		Release|Any CPU = Release|Any CPU
	EndGlobalSection
	GlobalSection(ProjectConfigurationPlatforms) = postSolution
		{2CAB9118-5A19-4AB7-B0BF-BABDB100F671}.Debug|Any CPU.ActiveCfg = Debug|Any CPU
		{2CAB9118-5A19-4AB7-B0BF-BABDB100F671}.Debug|Any CPU.Build.0 = Debug|Any CPU
		{2CAB9118-5A19-4AB7-B0BF-BABDB100F671}.Release|Any CPU.ActiveCfg = Release|Any CPU
		{2CAB9118-5A19-4AB7-B0BF-BABDB100F671}.Release|Any CPU.Build.0 = Release|Any CPU
	EndGlobalSection
	GlobalSection(SolutionProperties) = preSolution
		HideSolutionNode = FALSE
	EndGlobalSection
	GlobalSection(ExtensibilityGlobals) = postSolution
		SolutionGuid = {916C4E59-453D-43CC-AB64-229145B91E63}
	EndGlobalSection
EndGlobal
